// !$*UTF8*$!
{
	archiveVersion = 1;
	classes = {
	};
	objectVersion = 56;
	objects = {

/* Begin PBXBuildFile section */
		3C0F32F62AFA5F6200CB835F /* AppDelegate.swift in Sources */ = {isa = PBXBuildFile; fileRef = 3C0F32F52AFA5F6200CB835F /* AppDelegate.swift */; };
		3C0F32F82AFA5F6200CB835F /* SceneDelegate.swift in Sources */ = {isa = PBXBuildFile; fileRef = 3C0F32F72AFA5F6200CB835F /* SceneDelegate.swift */; };
		3C0F32FA2AFA5F6200CB835F /* AuthorsListViewController.swift in Sources */ = {isa = PBXBuildFile; fileRef = 3C0F32F92AFA5F6200CB835F /* AuthorsListViewController.swift */; };
		3C0F32FF2AFA5F6300CB835F /* Assets.xcassets in Resources */ = {isa = PBXBuildFile; fileRef = 3C0F32FE2AFA5F6300CB835F /* Assets.xcassets */; };
		3C0F33022AFA5F6300CB835F /* LaunchScreen.storyboard in Resources */ = {isa = PBXBuildFile; fileRef = 3C0F33002AFA5F6300CB835F /* LaunchScreen.storyboard */; };
		3C0F330C2AFA6B8800CB835F /* AuthorCell.swift in Sources */ = {isa = PBXBuildFile; fileRef = 3C0F330B2AFA6B8800CB835F /* AuthorCell.swift */; };
		3C0F33122AFA6C4F00CB835F /* SnapKit in Frameworks */ = {isa = PBXBuildFile; productRef = 3C0F33112AFA6C4F00CB835F /* SnapKit */; };
		3C0F33152AFA731200CB835F /* NetworkManager.swift in Sources */ = {isa = PBXBuildFile; fileRef = 3C0F33142AFA731200CB835F /* NetworkManager.swift */; };
		3C0F33182AFA735600CB835F /* Artist.swift in Sources */ = {isa = PBXBuildFile; fileRef = 3C0F33172AFA735600CB835F /* Artist.swift */; };
		3C0F331A2AFA922900CB835F /* DetailsViewController.swift in Sources */ = {isa = PBXBuildFile; fileRef = 3C0F33192AFA922900CB835F /* DetailsViewController.swift */; };
		3C0F331C2AFA941200CB835F /* ArtWorkCell.swift in Sources */ = {isa = PBXBuildFile; fileRef = 3C0F331B2AFA941200CB835F /* ArtWorkCell.swift */; };
		3C0F33282AFAB1D700CB835F /* FullScreenImageViewController.swift in Sources */ = {isa = PBXBuildFile; fileRef = 3C0F33272AFAB1D700CB835F /* FullScreenImageViewController.swift */; };
/* End PBXBuildFile section */

/* Begin PBXFileReference section */
		3C0F32F22AFA5F6200CB835F /* ArtList.app */ = {isa = PBXFileReference; explicitFileType = wrapper.application; includeInIndex = 0; path = ArtList.app; sourceTree = BUILT_PRODUCTS_DIR; };
		3C0F32F52AFA5F6200CB835F /* AppDelegate.swift */ = {isa = PBXFileReference; lastKnownFileType = sourcecode.swift; path = AppDelegate.swift; sourceTree = "<group>"; };
		3C0F32F72AFA5F6200CB835F /* SceneDelegate.swift */ = {isa = PBXFileReference; lastKnownFileType = sourcecode.swift; path = SceneDelegate.swift; sourceTree = "<group>"; };
		3C0F32F92AFA5F6200CB835F /* AuthorsListViewController.swift */ = {isa = PBXFileReference; lastKnownFileType = sourcecode.swift; path = AuthorsListViewController.swift; sourceTree = "<group>"; };
		3C0F32FE2AFA5F6300CB835F /* Assets.xcassets */ = {isa = PBXFileReference; lastKnownFileType = folder.assetcatalog; path = Assets.xcassets; sourceTree = "<group>"; };
		3C0F33012AFA5F6300CB835F /* Base */ = {isa = PBXFileReference; lastKnownFileType = file.storyboard; name = Base; path = Base.lproj/LaunchScreen.storyboard; sourceTree = "<group>"; };
		3C0F33032AFA5F6300CB835F /* Info.plist */ = {isa = PBXFileReference; lastKnownFileType = text.plist.xml; path = Info.plist; sourceTree = "<group>"; };
		3C0F330B2AFA6B8800CB835F /* AuthorCell.swift */ = {isa = PBXFileReference; lastKnownFileType = sourcecode.swift; path = AuthorCell.swift; sourceTree = "<group>"; };
		3C0F33142AFA731200CB835F /* NetworkManager.swift */ = {isa = PBXFileReference; lastKnownFileType = sourcecode.swift; path = NetworkManager.swift; sourceTree = "<group>"; };
		3C0F33172AFA735600CB835F /* Artist.swift */ = {isa = PBXFileReference; lastKnownFileType = sourcecode.swift; path = Artist.swift; sourceTree = "<group>"; };
		3C0F33192AFA922900CB835F /* DetailsViewController.swift */ = {isa = PBXFileReference; lastKnownFileType = sourcecode.swift; path = DetailsViewController.swift; sourceTree = "<group>"; };
		3C0F331B2AFA941200CB835F /* ArtWorkCell.swift */ = {isa = PBXFileReference; lastKnownFileType = sourcecode.swift; path = ArtWorkCell.swift; sourceTree = "<group>"; };
		3C0F33272AFAB1D700CB835F /* FullScreenImageViewController.swift */ = {isa = PBXFileReference; lastKnownFileType = sourcecode.swift; path = FullScreenImageViewController.swift; sourceTree = "<group>"; };
/* End PBXFileReference section */

/* Begin PBXFrameworksBuildPhase section */
		3C0F32EF2AFA5F6200CB835F /* Frameworks */ = {
			isa = PBXFrameworksBuildPhase;
			buildActionMask = 2147483647;
			files = (
				3C0F33122AFA6C4F00CB835F /* SnapKit in Frameworks */,
			);
			runOnlyForDeploymentPostprocessing = 0;
		};
/* End PBXFrameworksBuildPhase section */

/* Begin PBXGroup section */
		3C0F32E92AFA5F6200CB835F = {
			isa = PBXGroup;
			children = (
				3C0F32F42AFA5F6200CB835F /* ArtList */,
				3C0F32F32AFA5F6200CB835F /* Products */,
			);
			sourceTree = "<group>";
		};
		3C0F32F32AFA5F6200CB835F /* Products */ = {
			isa = PBXGroup;
			children = (
				3C0F32F22AFA5F6200CB835F /* ArtList.app */,
			);
			name = Products;
			sourceTree = "<group>";
		};
		3C0F32F42AFA5F6200CB835F /* ArtList */ = {
			isa = PBXGroup;
			children = (
				3C0F33162AFA734700CB835F /* Model */,
				3C0F330A2AFA6B7000CB835F /* View */,
				3C0F33092AFA618B00CB835F /* Controllers */,
				3C0F33132AFA72FE00CB835F /* Services */,
				3C0F330E2AFA6B9500CB835F /* SupportingFiles */,
				3C0F330F2AFA6BA100CB835F /* Resources */,
				3C0F33032AFA5F6300CB835F /* Info.plist */,
			);
			path = ArtList;
			sourceTree = "<group>";
		};
		3C0F33092AFA618B00CB835F /* Controllers */ = {
			isa = PBXGroup;
			children = (
				3C0F32F92AFA5F6200CB835F /* AuthorsListViewController.swift */,
				3C0F33192AFA922900CB835F /* DetailsViewController.swift */,
				3C0F33272AFAB1D700CB835F /* FullScreenImageViewController.swift */,
			);
			path = Controllers;
			sourceTree = "<group>";
		};
		3C0F330A2AFA6B7000CB835F /* View */ = {
			isa = PBXGroup;
			children = (
				3C0F330D2AFA6B8B00CB835F /* Cell */,
			);
			path = View;
			sourceTree = "<group>";
		};
		3C0F330D2AFA6B8B00CB835F /* Cell */ = {
			isa = PBXGroup;
			children = (
				3C0F330B2AFA6B8800CB835F /* AuthorCell.swift */,
				3C0F331B2AFA941200CB835F /* ArtWorkCell.swift */,
			);
			path = Cell;
			sourceTree = "<group>";
		};
		3C0F330E2AFA6B9500CB835F /* SupportingFiles */ = {
			isa = PBXGroup;
			children = (
				3C0F32F52AFA5F6200CB835F /* AppDelegate.swift */,
				3C0F32F72AFA5F6200CB835F /* SceneDelegate.swift */,
			);
			path = SupportingFiles;
			sourceTree = "<group>";
		};
		3C0F330F2AFA6BA100CB835F /* Resources */ = {
			isa = PBXGroup;
			children = (
				3C0F32FE2AFA5F6300CB835F /* Assets.xcassets */,
				3C0F33002AFA5F6300CB835F /* LaunchScreen.storyboard */,
			);
			path = Resources;
			sourceTree = "<group>";
		};
		3C0F33132AFA72FE00CB835F /* Services */ = {
			isa = PBXGroup;
			children = (
				3C0F33142AFA731200CB835F /* NetworkManager.swift */,
			);
			path = Services;
			sourceTree = "<group>";
		};
		3C0F33162AFA734700CB835F /* Model */ = {
			isa = PBXGroup;
			children = (
				3C0F33172AFA735600CB835F /* Artist.swift */,
			);
			path = Model;
			sourceTree = "<group>";
		};
/* End PBXGroup section */

/* Begin PBXNativeTarget section */
		3C0F32F12AFA5F6200CB835F /* ArtList */ = {
			isa = PBXNativeTarget;
			buildConfigurationList = 3C0F33062AFA5F6300CB835F /* Build configuration list for PBXNativeTarget "ArtList" */;
			buildPhases = (
				3C0F32EE2AFA5F6200CB835F /* Sources */,
				3C0F32EF2AFA5F6200CB835F /* Frameworks */,
				3C0F32F02AFA5F6200CB835F /* Resources */,
			);
			buildRules = (
			);
			dependencies = (
			);
			name = ArtList;
			packageProductDependencies = (
				3C0F33112AFA6C4F00CB835F /* SnapKit */,
			);
			productName = ArtList;
			productReference = 3C0F32F22AFA5F6200CB835F /* ArtList.app */;
			productType = "com.apple.product-type.application";
		};
/* End PBXNativeTarget section */

/* Begin PBXProject section */
		3C0F32EA2AFA5F6200CB835F /* Project object */ = {
			isa = PBXProject;
			attributes = {
				BuildIndependentTargetsInParallel = 1;
				LastSwiftUpdateCheck = 1430;
				LastUpgradeCheck = 1430;
				TargetAttributes = {
					3C0F32F12AFA5F6200CB835F = {
						CreatedOnToolsVersion = 14.3.1;
					};
				};
			};
			buildConfigurationList = 3C0F32ED2AFA5F6200CB835F /* Build configuration list for PBXProject "ArtList" */;
			compatibilityVersion = "Xcode 14.0";
			developmentRegion = en;
			hasScannedForEncodings = 0;
			knownRegions = (
				en,
				Base,
			);
			mainGroup = 3C0F32E92AFA5F6200CB835F;
			packageReferences = (
				3C0F33102AFA6C4F00CB835F /* XCRemoteSwiftPackageReference "SnapKit" */,
			);
			productRefGroup = 3C0F32F32AFA5F6200CB835F /* Products */;
			projectDirPath = "";
			projectRoot = "";
			targets = (
				3C0F32F12AFA5F6200CB835F /* ArtList */,
			);
		};
/* End PBXProject section */

/* Begin PBXResourcesBuildPhase section */
		3C0F32F02AFA5F6200CB835F /* Resources */ = {
			isa = PBXResourcesBuildPhase;
			buildActionMask = 2147483647;
			files = (
				3C0F33022AFA5F6300CB835F /* LaunchScreen.storyboard in Resources */,
				3C0F32FF2AFA5F6300CB835F /* Assets.xcassets in Resources */,
			);
			runOnlyForDeploymentPostprocessing = 0;
		};
/* End PBXResourcesBuildPhase section */

/* Begin PBXSourcesBuildPhase section */
		3C0F32EE2AFA5F6200CB835F /* Sources */ = {
			isa = PBXSourcesBuildPhase;
			buildActionMask = 2147483647;
			files = (
				3C0F33182AFA735600CB835F /* Artist.swift in Sources */,
				3C0F32FA2AFA5F6200CB835F /* AuthorsListViewController.swift in Sources */,
				3C0F32F62AFA5F6200CB835F /* AppDelegate.swift in Sources */,
				3C0F33152AFA731200CB835F /* NetworkManager.swift in Sources */,
				3C0F331A2AFA922900CB835F /* DetailsViewController.swift in Sources */,
				3C0F330C2AFA6B8800CB835F /* AuthorCell.swift in Sources */,
				3C0F331C2AFA941200CB835F /* ArtWorkCell.swift in Sources */,
				3C0F32F82AFA5F6200CB835F /* SceneDelegate.swift in Sources */,
				3C0F33282AFAB1D700CB835F /* FullScreenImageViewController.swift in Sources */,
			);
			runOnlyForDeploymentPostprocessing = 0;
		};
/* End PBXSourcesBuildPhase section */

/* Begin PBXVariantGroup section */
		3C0F33002AFA5F6300CB835F /* LaunchScreen.storyboard */ = {
			isa = PBXVariantGroup;
			children = (
				3C0F33012AFA5F6300CB835F /* Base */,
			);
			name = LaunchScreen.storyboard;
			sourceTree = "<group>";
		};
/* End PBXVariantGroup section */

/* Begin XCBuildConfiguration section */
		3C0F33042AFA5F6300CB835F /* Debug */ = {
			isa = XCBuildConfiguration;
			buildSettings = {
				ALWAYS_SEARCH_USER_PATHS = NO;
				CLANG_ANALYZER_NONNULL = YES;
				CLANG_ANALYZER_NUMBER_OBJECT_CONVERSION = YES_AGGRESSIVE;
				CLANG_CXX_LANGUAGE_STANDARD = "gnu++20";
				CLANG_ENABLE_MODULES = YES;
				CLANG_ENABLE_OBJC_ARC = YES;
				CLANG_ENABLE_OBJC_WEAK = YES;
				CLANG_WARN_BLOCK_CAPTURE_AUTORELEASING = YES;
				CLANG_WARN_BOOL_CONVERSION = YES;
				CLANG_WARN_COMMA = YES;
				CLANG_WARN_CONSTANT_CONVERSION = YES;
				CLANG_WARN_DEPRECATED_OBJC_IMPLEMENTATIONS = YES;
				CLANG_WARN_DIRECT_OBJC_ISA_USAGE = YES_ERROR;
				CLANG_WARN_DOCUMENTATION_COMMENTS = YES;
				CLANG_WARN_EMPTY_BODY = YES;
				CLANG_WARN_ENUM_CONVERSION = YES;
				CLANG_WARN_INFINITE_RECURSION = YES;
				CLANG_WARN_INT_CONVERSION = YES;
				CLANG_WARN_NON_LITERAL_NULL_CONVERSION = YES;
				CLANG_WARN_OBJC_IMPLICIT_RETAIN_SELF = YES;
				CLANG_WARN_OBJC_LITERAL_CONVERSION = YES;
				CLANG_WARN_OBJC_ROOT_CLASS = YES_ERROR;
				CLANG_WARN_QUOTED_INCLUDE_IN_FRAMEWORK_HEADER = YES;
				CLANG_WARN_RANGE_LOOP_ANALYSIS = YES;
				CLANG_WARN_STRICT_PROTOTYPES = YES;
				CLANG_WARN_SUSPICIOUS_MOVE = YES;
				CLANG_WARN_UNGUARDED_AVAILABILITY = YES_AGGRESSIVE;
				CLANG_WARN_UNREACHABLE_CODE = YES;
				CLANG_WARN__DUPLICATE_METHOD_MATCH = YES;
				COPY_PHASE_STRIP = NO;
				DEBUG_INFORMATION_FORMAT = dwarf;
				ENABLE_STRICT_OBJC_MSGSEND = YES;
				ENABLE_TESTABILITY = YES;
				GCC_C_LANGUAGE_STANDARD = gnu11;
				GCC_DYNAMIC_NO_PIC = NO;
				GCC_NO_COMMON_BLOCKS = YES;
				GCC_OPTIMIZATION_LEVEL = 0;
				GCC_PREPROCESSOR_DEFINITIONS = (
					"DEBUG=1",
					"$(inherited)",
				);
				GCC_WARN_64_TO_32_BIT_CONVERSION = YES;
				GCC_WARN_ABOUT_RETURN_TYPE = YES_ERROR;
				GCC_WARN_UNDECLARED_SELECTOR = YES;
				GCC_WARN_UNINITIALIZED_AUTOS = YES_AGGRESSIVE;
				GCC_WARN_UNUSED_FUNCTION = YES;
				GCC_WARN_UNUSED_VARIABLE = YES;
				IPHONEOS_DEPLOYMENT_TARGET = 16.4;
				MTL_ENABLE_DEBUG_INFO = INCLUDE_SOURCE;
				MTL_FAST_MATH = YES;
				ONLY_ACTIVE_ARCH = YES;
				SDKROOT = iphoneos;
				SWIFT_ACTIVE_COMPILATION_CONDITIONS = DEBUG;
				SWIFT_OPTIMIZATION_LEVEL = "-Onone";
			};
			name = Debug;
		};
		3C0F33052AFA5F6300CB835F /* Release */ = {
			isa = XCBuildConfiguration;
			buildSettings = {
				ALWAYS_SEARCH_USER_PATHS = NO;
				CLANG_ANALYZER_NONNULL = YES;
				CLANG_ANALYZER_NUMBER_OBJECT_CONVERSION = YES_AGGRESSIVE;
				CLANG_CXX_LANGUAGE_STANDARD = "gnu++20";
				CLANG_ENABLE_MODULES = YES;
				CLANG_ENABLE_OBJC_ARC = YES;
				CLANG_ENABLE_OBJC_WEAK = YES;
				CLANG_WARN_BLOCK_CAPTURE_AUTORELEASING = YES;
				CLANG_WARN_BOOL_CONVERSION = YES;
				CLANG_WARN_COMMA = YES;
				CLANG_WARN_CONSTANT_CONVERSION = YES;
				CLANG_WARN_DEPRECATED_OBJC_IMPLEMENTATIONS = YES;
				CLANG_WARN_DIRECT_OBJC_ISA_USAGE = YES_ERROR;
				CLANG_WARN_DOCUMENTATION_COMMENTS = YES;
				CLANG_WARN_EMPTY_BODY = YES;
				CLANG_WARN_ENUM_CONVERSION = YES;
				CLANG_WARN_INFINITE_RECURSION = YES;
				CLANG_WARN_INT_CONVERSION = YES;
				CLANG_WARN_NON_LITERAL_NULL_CONVERSION = YES;
				CLANG_WARN_OBJC_IMPLICIT_RETAIN_SELF = YES;
				CLANG_WARN_OBJC_LITERAL_CONVERSION = YES;
				CLANG_WARN_OBJC_ROOT_CLASS = YES_ERROR;
				CLANG_WARN_QUOTED_INCLUDE_IN_FRAMEWORK_HEADER = YES;
				CLANG_WARN_RANGE_LOOP_ANALYSIS = YES;
				CLANG_WARN_STRICT_PROTOTYPES = YES;
				CLANG_WARN_SUSPICIOUS_MOVE = YES;
				CLANG_WARN_UNGUARDED_AVAILABILITY = YES_AGGRESSIVE;
				CLANG_WARN_UNREACHABLE_CODE = YES;
				CLANG_WARN__DUPLICATE_METHOD_MATCH = YES;
				COPY_PHASE_STRIP = NO;
				DEBUG_INFORMATION_FORMAT = "dwarf-with-dsym";
				ENABLE_NS_ASSERTIONS = NO;
				ENABLE_STRICT_OBJC_MSGSEND = YES;
				GCC_C_LANGUAGE_STANDARD = gnu11;
				GCC_NO_COMMON_BLOCKS = YES;
				GCC_WARN_64_TO_32_BIT_CONVERSION = YES;
				GCC_WARN_ABOUT_RETURN_TYPE = YES_ERROR;
				GCC_WARN_UNDECLARED_SELECTOR = YES;
				GCC_WARN_UNINITIALIZED_AUTOS = YES_AGGRESSIVE;
				GCC_WARN_UNUSED_FUNCTION = YES;
				GCC_WARN_UNUSED_VARIABLE = YES;
				IPHONEOS_DEPLOYMENT_TARGET = 16.4;
				MTL_ENABLE_DEBUG_INFO = NO;
				MTL_FAST_MATH = YES;
				SDKROOT = iphoneos;
				SWIFT_COMPILATION_MODE = wholemodule;
				SWIFT_OPTIMIZATION_LEVEL = "-O";
				VALIDATE_PRODUCT = YES;
			};
			name = Release;
		};
		3C0F33072AFA5F6300CB835F /* Debug */ = {
			isa = XCBuildConfiguration;
			buildSettings = {
				ASSETCATALOG_COMPILER_APPICON_NAME = AppIcon;
				ASSETCATALOG_COMPILER_GLOBAL_ACCENT_COLOR_NAME = AccentColor;
				CODE_SIGN_STYLE = Automatic;
				CURRENT_PROJECT_VERSION = 1;
				DEVELOPMENT_TEAM = T22G8674NU;
				GENERATE_INFOPLIST_FILE = YES;
				INFOPLIST_FILE = ArtList/Info.plist;
				INFOPLIST_KEY_UIApplicationSupportsIndirectInputEvents = YES;
				INFOPLIST_KEY_UILaunchStoryboardName = LaunchScreen;
				INFOPLIST_KEY_UISupportedInterfaceOrientations_iPad = "UIInterfaceOrientationPortrait UIInterfaceOrientationPortraitUpsideDown UIInterfaceOrientationLandscapeLeft UIInterfaceOrientationLandscapeRight";
				INFOPLIST_KEY_UISupportedInterfaceOrientations_iPhone = "UIInterfaceOrientationPortrait UIInterfaceOrientationLandscapeLeft UIInterfaceOrientationLandscapeRight";
				LD_RUNPATH_SEARCH_PATHS = (
					"$(inherited)",
					"@executable_path/Frameworks",
				);
				MARKETING_VERSION = 1.0;
				PRODUCT_BUNDLE_IDENTIFIER = KirillTaraturin.ArtList;
				PRODUCT_NAME = "$(TARGET_NAME)";
				SWIFT_EMIT_LOC_STRINGS = YES;
				SWIFT_VERSION = 5.0;
				TARGETED_DEVICE_FAMILY = "1,2";
			};
			name = Debug;
		};
		3C0F33082AFA5F6300CB835F /* Release */ = {
			isa = XCBuildConfiguration;
			buildSettings = {
				ASSETCATALOG_COMPILER_APPICON_NAME = AppIcon;
				ASSETCATALOG_COMPILER_GLOBAL_ACCENT_COLOR_NAME = AccentColor;
				CODE_SIGN_STYLE = Automatic;
				CURRENT_PROJECT_VERSION = 1;
				DEVELOPMENT_TEAM = T22G8674NU;
				GENERATE_INFOPLIST_FILE = YES;
				INFOPLIST_FILE = ArtList/Info.plist;
				INFOPLIST_KEY_UIApplicationSupportsIndirectInputEvents = YES;
				INFOPLIST_KEY_UILaunchStoryboardName = LaunchScreen;
				INFOPLIST_KEY_UISupportedInterfaceOrientations_iPad = "UIInterfaceOrientationPortrait UIInterfaceOrientationPortraitUpsideDown UIInterfaceOrientationLandscapeLeft UIInterfaceOrientationLandscapeRight";
				INFOPLIST_KEY_UISupportedInterfaceOrientations_iPhone = "UIInterfaceOrientationPortrait UIInterfaceOrientationLandscapeLeft UIInterfaceOrientationLandscapeRight";
				LD_RUNPATH_SEARCH_PATHS = (
					"$(inherited)",
					"@executable_path/Frameworks",
				);
				MARKETING_VERSION = 1.0;
				PRODUCT_BUNDLE_IDENTIFIER = KirillTaraturin.ArtList;
				PRODUCT_NAME = "$(TARGET_NAME)";
				SWIFT_EMIT_LOC_STRINGS = YES;
				SWIFT_VERSION = 5.0;
				TARGETED_DEVICE_FAMILY = "1,2";
			};
			name = Release;
		};
/* End XCBuildConfiguration section */

/* Begin XCConfigurationList section */
		3C0F32ED2AFA5F6200CB835F /* Build configuration list for PBXProject "ArtList" */ = {
			isa = XCConfigurationList;
			buildConfigurations = (
				3C0F33042AFA5F6300CB835F /* Debug */,
				3C0F33052AFA5F6300CB835F /* Release */,
			);
			defaultConfigurationIsVisible = 0;
			defaultConfigurationName = Release;
		};
		3C0F33062AFA5F6300CB835F /* Build configuration list for PBXNativeTarget "ArtList" */ = {
			isa = XCConfigurationList;
			buildConfigurations = (
				3C0F33072AFA5F6300CB835F /* Debug */,
				3C0F33082AFA5F6300CB835F /* Release */,
			);
			defaultConfigurationIsVisible = 0;
			defaultConfigurationName = Release;
		};
/* End XCConfigurationList section */

/* Begin XCRemoteSwiftPackageReference section */
		3C0F33102AFA6C4F00CB835F /* XCRemoteSwiftPackageReference "SnapKit" */ = {
			isa = XCRemoteSwiftPackageReference;
			repositoryURL = "https://github.com/SnapKit/SnapKit.git";
			requirement = {
				kind = upToNextMajorVersion;
				minimumVersion = 5.0.0;
			};
		};
/* End XCRemoteSwiftPackageReference section */

/* Begin XCSwiftPackageProductDependency section */
		3C0F33112AFA6C4F00CB835F /* SnapKit */ = {
			isa = XCSwiftPackageProductDependency;
			package = 3C0F33102AFA6C4F00CB835F /* XCRemoteSwiftPackageReference "SnapKit" */;
			productName = SnapKit;
		};
/* End XCSwiftPackageProductDependency section */
	};
	rootObject = 3C0F32EA2AFA5F6200CB835F /* Project object */;
}
